# THIS IS AN AUTOGENERATED FILE. DO NOT EDIT THIS FILE DIRECTLY.
assets/ajax-cart.js.liquid:
  production: 2017-08-13T17:39:48-04:00   5089d437026dde38c1918ea91324d35a
assets/fastclick.min.js:
  production: 2017-08-13T17:39:48-04:00   4c68290ccc4d503561895dff0821621f
assets/gift-card.scss.liquid:
  production: 2017-08-13T17:39:48-04:00   c4d99d6414af35760c5112b609962e87
assets/handlebars.min.js:
  production: 2017-08-13T17:39:48-04:00   b3c11508a224ee83f86e2fc6491e9751
assets/ico-select.svg.liquid:
  production: 2017-08-13T17:39:48-04:00   9c9cc5a57cc74a0a64c2f62b1370a920
assets/icons.eot:
  production: 2017-08-13T17:39:48-04:00   6499aa740322bffbb6e26ebadf450c4a
assets/icons.json:
  production: 2017-08-13T18:37:37-04:00   6f9018585c3e215e29cef8e390091787
assets/icons.svg:
  production: 2017-08-13T17:39:48-04:00   1f568afd815839eae6eb796a52a497a6
assets/icons.ttf:
  production: 2017-08-13T17:39:48-04:00   0678272006d7b08a523ae6973a72d181
assets/icons.woff:
  production: 2017-08-13T17:39:48-04:00   6d64bee3b4d239a6cf6af98045a95954
assets/main.scss.liquid:
  production: 2017-10-28T18:33:00-04:00   95f0f02eef445bfdfd22ad0564ba1e88
assets/modernizr.min.js:
  production: 2017-08-13T17:39:48-04:00   dc21cffad945a84cbbe770d52b1a0ded
assets/respond-proxy.html:
  production: 2017-08-13T17:39:48-04:00   75002d74a330bff6bf069284da503b4c
assets/respond.min.js:
  production: 2017-08-13T17:39:48-04:00   a2684e9b8fa50d6d11c56a9ada068528
assets/timber.js.liquid:
  production: 2017-08-13T17:39:48-04:00   8663e17d15e94386b5d6fb7c3e44b0bf
assets/timber.scss.liquid:
  production: 2017-08-13T17:39:48-04:00   ba59f53b6ce2656fb2abd9eedb901fe2
config/settings_data.json:
  production: 2017-08-13T18:38:00-04:00   fe75d34743f726c8bb511205c7273fc5
config/settings_schema.json:
  production: 2017-08-13T18:37:56-04:00   4de50d8b26c23ea835a23162e448572d
layout/theme.liquid:
  production: 2017-10-28T18:32:53-04:00   303cfd4ab370db23c33e7f5662032192
locales/de.json:
  production: 2017-08-13T18:37:48-04:00   585899bd4424d43afa93b72083a5aa0e
locales/en.default.json:
  production: 2017-08-13T18:37:32-04:00   4b9243672aaf0437491301e46597d9cc
locales/es.json:
  production: 2017-08-13T18:37:34-04:00   e1095d0bd282d98ace9c18e5973bb6bf
locales/fr.json:
  production: 2017-08-13T18:37:36-04:00   95311e190dd74a4665d004f60dda8ad2
locales/pt-BR.json:
  production: 2017-08-13T18:37:41-04:00   3bc832b43077ef1681f2fe4be3eda8c9
locales/pt-PT.json:
  production: 2017-08-13T18:37:38-04:00   6ddf443592f389ff55aa739569736f47
snippets/ajax-cart-template.liquid:
  production: 2017-08-13T17:39:48-04:00   e6fa15367ab47a164d9dc8e47353c684
snippets/blog-sidebar.liquid:
  production: 2017-08-13T17:39:48-04:00   ae3891e372509ded7074e50b2a97f438
snippets/breadcrumb.liquid:
  production: 2017-08-13T17:39:48-04:00   7bf89ebc6f2f46288fa59aa305a42514
snippets/collection-sidebar.liquid:
  production: 2017-08-13T17:39:48-04:00   b53274904cf2b47ce2fb4c3e6d632bb3
snippets/collection-sorting.liquid:
  production: 2017-08-13T17:39:48-04:00   d369d2d4697110800946220909e8ecf8
snippets/comment.liquid:
  production: 2017-08-13T17:39:48-04:00   c766e42be8a74e05533d0e5a0e3a9ce3
snippets/oldIE-js.liquid:
  production: 2017-08-13T17:39:48-04:00   1197cc7109944206a600ed5caaef6a6f
snippets/onboarding-empty-collection.liquid:
  production: 2017-08-13T17:39:49-04:00   b25d81b4ba1c3e279fa58a5aade16b43
snippets/onboarding-featured-collections.liquid:
  production: 2017-08-13T17:39:49-04:00   63d3e42eb5e78f32bdd7d7bb96c2aa81
snippets/onboarding-featured-products.liquid:
  production: 2017-08-13T17:39:49-04:00   6a32fc5786e0f1dc98a1f75897fca8b3
snippets/product-grid-item.liquid:
  production: 2017-08-13T17:39:49-04:00   5c056a854988fba46c535845cd5aeba1
snippets/respond.liquid:
  production: 2017-08-13T17:39:49-04:00   ca6abf0635dc2ad8c6bd377f83c79f6b
snippets/search-bar.liquid:
  production: 2017-08-13T17:39:49-04:00   733af687725a8174f1348c58f0d5a3e4
snippets/social-meta-tags.liquid:
  production: 2017-08-13T17:39:49-04:00   e7c97d7cb76c7925dd144dfb7b188cac
snippets/tags-article.liquid:
  production: 2017-08-13T17:39:49-04:00   52bc59a44a51be2f1745559c2ba514a2
templates/404.liquid:
  production: 2017-08-13T17:39:49-04:00   44a6b0129de575e7085a047bc2096a76
templates/article.liquid:
  production: 2017-08-13T17:39:49-04:00   ff67120cd7978f6390cdb79827f34d02
templates/blog.liquid:
  production: 2017-08-13T17:39:49-04:00   2d2ff4bd1bf2ef7ce2b889d6a95c6f74
templates/cart.liquid:
  production: 2017-08-13T17:39:49-04:00   49bbbe1b3bda19110f7e72abc158bb91
templates/collection.liquid:
  production: 2017-08-13T17:39:49-04:00   c4a0532ffb42396661303a7fc87bd12d
templates/collection.list.liquid:
  production: 2017-08-13T17:39:49-04:00   a1f281a34a1926f2c6d010dbbdeee210
templates/customers/account.liquid:
  production: 2017-08-13T17:39:49-04:00   da9e3584ef6699ac5c811b73b42c58db
templates/customers/activate_account.liquid:
  production: 2017-08-13T17:39:49-04:00   d92bfce42f05a75de2f61cb6ba433e69
templates/customers/addresses.liquid:
  production: 2017-08-13T17:39:49-04:00   998f4a7deb6a33d014cbc3f0075b8050
templates/customers/login.liquid:
  production: 2017-08-13T17:39:49-04:00   e292c0a273f17c7835d558e1b61149cf
templates/customers/order.liquid:
  production: 2017-08-13T17:39:49-04:00   e3ec01e9286bf4daa7b5a3a7bbe8479c
templates/customers/register.liquid:
  production: 2017-08-13T17:39:49-04:00   77a294477ea2d6de5861f583e2a05051
templates/customers/reset_password.liquid:
  production: 2017-08-13T17:39:49-04:00   66ba7b680ca26b2eba0f162d4122d94c
templates/gift_card.liquid:
  production: 2017-08-13T17:39:49-04:00   c1ae0f8232e003fac57213d1353e513c
templates/index.liquid:
  production: 2017-08-13T17:39:49-04:00   aa449cd240994aa9787eef9d90b5b0f7
templates/list-collections.liquid:
  production: 2017-08-13T17:39:49-04:00   380da281c4820602d95334029b03aa84
templates/page.contact.liquid:
  production: 2017-08-13T17:39:49-04:00   1d694a5be30bd64695b503c2d4b928dc
templates/page.liquid:
  production: 2017-08-13T17:39:49-04:00   32faec183321b6d7d9b4197ec3e05575
templates/product.liquid:
  production: 2017-08-13T17:39:49-04:00   d28aa955b34f4dfe8819338f15981de2
templates/search.liquid:
  production: 2017-08-13T17:39:49-04:00   3926b96d4d14c2cd8409e56f7cc6d6e0
