# THIS IS AN AUTOGENERATED FILE. DO NOT EDIT THIS FILE DIRECTLY.
assets/1.jpg:
  production: 2017-10-29T06:02:42-04:00   27f5d7a89ac7d36d7ecf2e960d0b2cf8
assets/2.jpg:
  production: 2017-10-29T06:03:10-04:00   6416e9434be032a54d16efaee5500696
assets/3.jpg:
  production: 2017-10-29T06:02:44-04:00   31bd208fdff211905789d5bf52ea435a
assets/4.jpg:
  production: 2017-10-29T06:02:27-04:00   a6e5a6fd6d49997455399f8846485c41
assets/5.jpg:
  production: 2017-10-29T06:02:42-04:00   47f5df30bbef08feacea5b9fb965e7a7
assets/6.jpg:
  production: 2017-10-29T06:03:12-04:00   999749c6e8fbe7dacf3a286a754257df
assets/7.jpg:
  production: 2017-10-29T06:03:41-04:00   c1f95d84322856a01b4a2b32dbc29c83
assets/8.jpg:
  production: 2017-10-29T06:03:23-04:00   45d2b3c142201b7c905003a799130812
assets/9.jpg:
  production: 2017-10-29T06:02:29-04:00   026877308dc63b787671f00eb8a77a64
assets/10.jpg:
  production: 2017-10-29T06:03:38-04:00   ec39fc47182842a146900099f118b09b
assets/11.jpg:
  production: 2017-10-29T06:03:05-04:00   ff8fe242fceb80d0f91ea837179fff60
assets/12.jpg:
  production: 2017-10-29T06:03:14-04:00   bfa257e119c37aa3d72ec916fcb96dd1
assets/13.jpg:
  production: 2017-10-29T06:02:48-04:00   a5acf97a056e2082250772981070106e
assets/14.jpg:
  production: 2017-10-29T06:03:01-04:00   28bc9fbd52c9b8256e0f8c6a95964e32
assets/15.jpg:
  production: 2017-10-29T06:03:04-04:00   2e0f10c6d2d1337d30398cdc30474948
assets/16.jpg:
  production: 2017-10-29T06:02:22-04:00   3d300eac3340071aadbcc482ceec5869
assets/17.jpg:
  production: 2017-10-29T06:02:38-04:00   0e3f4905bf685b04834b388f027a7c28
assets/18.jpg:
  production: 2017-10-29T06:02:21-04:00   87586e1c1e05e9a0e3f5663df4b4234b
assets/19.jpg:
  production: 2017-10-29T06:03:32-04:00   9ccdd910467b107beab242c9c7f48e92
assets/20.jpg:
  production: 2017-10-29T06:03:05-04:00   dc8c12b73e6e54c060c4b0c3a49c39ef
assets/about_fromsf.png:
  production: 2017-10-29T06:03:35-04:00   cd1ddbb471c4a502ee4d4f052e297f10
assets/ajax-cart.js.liquid:
  production: 2017-08-13T17:39:48-04:00   5089d437026dde38c1918ea91324d35a
assets/arcn-logo.png:
  production: 2017-10-29T06:02:58-04:00   72c56f66bae582b55a3337a2fdc4626a
assets/badge-ethical_metalsmiths.png:
  production: 2017-10-29T06:02:49-04:00   f73eedb0cada83f665a34ce3c63cdf03
assets/badge-sfmade.png:
  production: 2017-10-29T06:02:56-04:00   52f6677dcf3c8ed92a5accae3a3ccd01
assets/btnBack.png:
  production: 2017-10-29T06:02:58-04:00   a9c033bbb716eae48e2af700848a5d2e
assets/btnFwd.png:
  production: 2017-10-29T06:03:14-04:00   a7b169a6ad6ace93465235828cb3310f
assets/christy-natsumi-glint-1-m.jpg:
  production: 2017-10-29T06:03:19-04:00   48d76868b850ee994d78672f363b459d
assets/christy-natsumi-glint-1.jpg:
  production: 2017-10-29T06:02:48-04:00   83f29df7b833499b6a6005b3f1bada18
assets/christy-natsumi-glint-2-m.jpg:
  production: 2017-10-29T06:02:49-04:00   b51ae5b5d8eceeb5ca712dd548996b9c
assets/christy-natsumi-glint-2.jpg:
  production: 2017-10-29T06:02:25-04:00   cb088ebe527b78256670be324b80f1ef
assets/christy-natsumi-glint-3-m.jpg:
  production: 2017-10-29T06:02:20-04:00   f303f1869f1dfe75b8bc4c69e1a7d82d
assets/christy-natsumi-glint-3.jpg:
  production: 2017-10-29T06:03:33-04:00   b6a687911b933e5326fb3205ff0be335
assets/christy-natsumi-glint-4-m.jpg:
  production: 2017-10-29T06:02:52-04:00   084b6da5683ebf406f1f64d7189da780
assets/christy-natsumi-glint-4.jpg:
  production: 2017-10-29T06:03:20-04:00   cd5092813d5e0679d953366b152e24b1
assets/christy-natsumi-glint-5-m.jpg:
  production: 2017-10-29T06:02:59-04:00   253a3280e4df15b520fabbe37733fb4c
assets/christy-natsumi-glint-5.jpg:
  production: 2017-10-29T06:03:43-04:00   21638a8e620dd2b75795c1d347a5da2c
assets/christy-natsumi-glint-6-m.jpg:
  production: 2017-10-29T06:02:29-04:00   3e0c927d2bb54433287e0b386e1ae377
assets/christy-natsumi-glint-6.jpg:
  production: 2017-10-29T06:02:55-04:00   f5effd91f40ddf181abc4f451c6ab761
assets/christy-natsumi-glint-7-m.jpg:
  production: 2017-10-29T06:03:18-04:00   233ffdee0595bb4ce691589fa48b63e6
assets/christy-natsumi-glint-7.jpg:
  production: 2017-10-29T06:03:42-04:00   8089d5b65233215a933a92915526a268
assets/christy-natsumi-glint-8-m.jpg:
  production: 2017-10-29T06:02:56-04:00   909d4a2642061571224e809d5c4aac98
assets/christy-natsumi-glint-8.jpg:
  production: 2017-10-29T06:02:29-04:00   21b78fa80ae50ffda57a91f6387513fa
assets/christy-natsumi-glint-9-m.jpg:
  production: 2017-10-29T06:03:02-04:00   16cea9c712e8e61371f0a98c62e32da8
assets/christy-natsumi-glint-9.jpg:
  production: 2017-10-29T06:02:35-04:00   12169e8d8ee46ac5a50a38c720e158f2
assets/christy-natsumi-glint-10-m.jpg:
  production: 2017-10-29T06:03:13-04:00   846e5b3c748c2cfaaebd1ccf38d2e499
assets/christy-natsumi-glint-10.jpg:
  production: 2017-10-29T06:03:26-04:00   955c112172b271f4d76983a90983bd12
assets/christy-natsumi-glint-11-m.jpg:
  production: 2017-10-29T06:02:32-04:00   4e1cff4954f8cd704f1c8914f3cba82b
assets/christy-natsumi-glint-11.jpg:
  production: 2017-10-29T06:03:07-04:00   04b60af0c67ba29ee5bd5b0491d1346a
assets/christy-natsumi-glint-12-m.jpg:
  production: 2017-10-29T06:02:46-04:00   c21a9d5cea9934cf887f27990f2ccc8f
assets/christy-natsumi-glint-12.jpg:
  production: 2017-10-29T06:02:25-04:00   e4aa03c2a1084ac87519092b10867a23
assets/christy-natsumi-glint-13-m.jpg:
  production: 2017-10-29T06:03:01-04:00   926fe6dc9d4c103d743dae6e0223b66e
assets/christy-natsumi-glint-13.jpg:
  production: 2017-10-29T06:03:00-04:00   c1a35129cd2c7013492904a91f305b21
assets/christy-natsumi-glint-14-m.jpg:
  production: 2017-10-29T06:02:30-04:00   9d85a77e6c7555fbf99ad54b68e96716
assets/christy-natsumi-glint-14.jpg:
  production: 2017-10-29T06:02:50-04:00   82a6a0db0cc16abd3c06d1a97d0f5c90
assets/christy-natsumi-glint-15-m.jpg:
  production: 2017-10-29T06:03:15-04:00   27b7e721c926305298f8efdb23e12478
assets/christy-natsumi-glint-15.jpg:
  production: 2017-10-29T06:02:36-04:00   25895cb686e44436416cfb20afa924b1
assets/christy-natsumi-glint-16-m.jpg:
  production: 2017-10-29T06:03:06-04:00   79bebd1739071b7be2b99166d4c2c8f9
assets/christy-natsumi-glint-16.jpg:
  production: 2017-10-29T06:02:24-04:00   1d20b1c79f9f6d93d342f48b69638118
assets/christy-natsumi-glint-17-m.jpg:
  production: 2017-10-29T06:03:31-04:00   0e39ea5d4019affda23808541271066c
assets/christy-natsumi-glint-17.jpg:
  production: 2017-10-29T06:03:33-04:00   71d6f998f30711ebaa11593639475145
assets/christy-natsumi-glint-18-m.jpg:
  production: 2017-10-29T06:03:11-04:00   2a23e15ad427d9588ecbeb5fa7a06590
assets/christy-natsumi-glint-18.jpg:
  production: 2017-10-29T06:03:25-04:00   ee11f8cde6a7291e47e858c53621c643
assets/christy-natsumi-glint-19-m.jpg:
  production: 2017-10-29T06:03:16-04:00   5ac770a507a14ba7704307c3275752cc
assets/christy-natsumi-glint-19.jpg:
  production: 2017-10-29T06:02:32-04:00   cc2b4aa49aa4500cfd6259ad6088e6ce
assets/christy-natsumi-glint-20-m.jpg:
  production: 2017-10-29T06:03:01-04:00   a754b2141d73f8308cdc7dea5539f7c2
assets/christy-natsumi-glint-20.jpg:
  production: 2017-10-29T06:02:23-04:00   df22d29d932e1eabd2e2557db802c0e9
assets/christy-natsumi-glint-21-m.jpg:
  production: 2017-10-29T06:03:25-04:00   8fdcfe7d48f730fdf93e3b500ff09105
assets/christy-natsumi-glint-21.jpg:
  production: 2017-10-29T06:02:52-04:00   d7a18a35af9c3e5f4ebe4d9c39ab605b
assets/christy-natsumi-glint-22-m.jpg:
  production: 2017-10-29T06:02:44-04:00   84d467d436ee4176e0712ea05be93d4e
assets/christy-natsumi-glint-22.jpg:
  production: 2017-10-29T06:02:39-04:00   9139bbcf87869b5401d87a1ffccf08a8
assets/christy-natsumi-glint-logo.png:
  production: 2017-10-29T06:03:35-04:00   bb13e8d983f4fe6317f5fce2f53eaf94
assets/christynatsumi-11-11-necklace.jpg:
  production: 2017-10-29T06:03:11-04:00   29d9a23fda0fc6a5fcce606024b90ddb
assets/christynatsumi-abacusrow-1.jpg:
  production: 2017-10-29T06:02:42-04:00   b60cab7e340bdc1a6626c2ac909bd6e6
assets/christynatsumi-abacusrow-2.jpg:
  production: 2017-10-29T06:03:41-04:00   6a4ea517507eafb71fab1b6f7242d269
assets/christynatsumi-abacusrow-3.jpg:
  production: 2017-10-29T06:02:48-04:00   1d9f123a00dc722e8f7cb002dc75e6d9
assets/christynatsumi-abacusrow-4.jpg:
  production: 2017-10-29T06:03:27-04:00   e1f23077af19c85d41af98bb9170dd7f
assets/christynatsumi-abacusrow-5.jpg:
  production: 2017-10-29T06:03:42-04:00   5c345020fece9838d7830dfc149ab9fa
assets/christynatsumi-abacusrow-6.jpg:
  production: 2017-10-29T06:03:30-04:00   c324e35983dab2cd9cc90708bebb98cd
assets/christynatsumi-abacusrow-7.jpg:
  production: 2017-10-29T06:03:40-04:00   0529ec1f85d9b6d847c48c3293aec723
assets/christynatsumi-abacusrow-8.jpg:
  production: 2017-10-29T06:02:46-04:00   84d97a02bcab1748ea79cc15c891421c
assets/christynatsumi-abacusrow-9.jpg:
  production: 2017-10-29T06:03:25-04:00   18510d4258cacd727e1a368222ceba19
assets/christynatsumi-abacusrow-10.jpg:
  production: 2017-10-29T06:02:44-04:00   ae3c566947a968f98d0769daaf7cba90
assets/christynatsumi-abacusrow-11.jpg:
  production: 2017-10-29T06:03:49-04:00   83f7ea3b880138be18f5a507081526e3
assets/christynatsumi-abacusrow-12.jpg:
  production: 2017-10-29T06:03:23-04:00   68dece448e565e53f23ce9ca4ceee149
assets/christynatsumi-abacusrow-13.jpg:
  production: 2017-10-29T06:02:59-04:00   dcc10c3452cdb84f434f35b3ac65771a
assets/christynatsumi-abacusrow-14.jpg:
  production: 2017-10-29T06:02:44-04:00   a3ee8915753aa209760c1e3e005ff120
assets/christynatsumi-abacusrow-15.jpg:
  production: 2017-10-29T06:03:43-04:00   cf227e3fcfb76a41c264de547f15e5c7
assets/christynatsumi-abacusrow-16.jpg:
  production: 2017-10-29T06:02:55-04:00   5a5dd484c3a13f20f767f8feaa9b44b2
assets/christynatsumi-abacusrow-17.jpg:
  production: 2017-10-29T06:02:44-04:00   7038db90459d9d8f077f4ee51891857f
assets/christynatsumi-abacusrow-18.jpg:
  production: 2017-10-29T06:03:33-04:00   1abf9c57ada32c78836579ce9cfcf3dc
assets/christynatsumi-abacusrow-19.jpg:
  production: 2017-10-29T06:03:16-04:00   4eaa12beae17ea602164d6108af8f3f9
assets/christynatsumi-abacusrow-20.jpg:
  production: 2017-10-29T06:02:38-04:00   d9639ff67ed7fcf007c0599516d50c04
assets/christynatsumi-about-heroimage-mobile.jpg:
  production: 2017-10-29T06:03:30-04:00   7e85ec0ced3f6514ea88eb7c02d886df
assets/christynatsumi-about-heroimage.jpg:
  production: 2017-10-29T06:02:28-04:00   f14eb219f199d44c6a7eef8ae7e2aac4
assets/christynatsumi-bio.jpg:
  production: 2017-10-29T06:02:27-04:00   e1abea8f255a8c23eed2f2b2e2cd9692
assets/christynatsumi-custom-1.jpg:
  production: 2017-10-29T06:02:23-04:00   f7b348f6fdbe1b34e8b41424600bfafb
assets/christynatsumi-custom-2.jpg:
  production: 2017-10-29T06:03:09-04:00   0d2e9bb63c69af2ead28b69c7e2b29f3
assets/christynatsumi-custom-3.jpg:
  production: 2017-10-29T06:03:38-04:00   01c8a239a895e91fcbd25504e22aacb2
assets/christynatsumi-custom-4.jpg:
  production: 2017-10-29T06:02:36-04:00   1f90ea1397018bfa89626338fb761ebf
assets/christynatsumi-custom-finished.jpg:
  production: 2017-10-29T06:03:27-04:00   13481b6df368d33dbf877dc4d1da7816
assets/christynatsumi-custom-ring1.jpg:
  production: 2017-10-29T06:02:53-04:00   5dface9f2ddb50697c19b267d309c3b0
assets/christynatsumi-custom-ring2.jpg:
  production: 2017-10-29T06:02:39-04:00   8d1593ce6884feea62c7b515f68f0012
assets/christynatsumi-custom-ring3.jpg:
  production: 2017-10-29T06:02:21-04:00   17ae07c6e22d99b066e936879902fe5b
assets/christynatsumi-custom-ring4.jpg:
  production: 2017-10-29T06:02:51-04:00   408828b13fe6c15f77c70111288b79a4
assets/christynatsumi-custom-stack-rings.jpg:
  production: 2017-10-29T06:03:36-04:00   d49cd5a253351a9679ad04d1018a9d5d
assets/christynatsumi-custom-wax.jpg:
  production: 2017-10-29T06:03:37-04:00   e6c3c8ed55086589474ea40f08e4c34f
assets/christynatsumi-header--home-2016.04.jpg:
  production: 2017-10-29T06:03:27-04:00   e68b711e76d696f29b88e1ef999b0fbc
assets/christynatsumi-header--home-2016.11.jpg:
  production: 2017-10-29T06:02:55-04:00   fcd71c2b4de97d35e562e3737b362e9c
assets/christynatsumi-header--home-2017.06.jpg:
  production: 2017-10-29T06:03:39-04:00   138e618e1dd79f119ca72efb6f51714c
assets/christynatsumi-header--home-mobile-2016.04.jpg:
  production: 2017-10-29T06:02:47-04:00   aba13938a9e17c93743ae4cb97f2f011
assets/christynatsumi-header--home-mobile-2016.11.jpg:
  production: 2017-10-29T06:02:27-04:00   fd627ce87a42954bf9e19353abd623b9
assets/christynatsumi-header--home-mobile-2017.06.jpg:
  production: 2017-10-29T06:02:31-04:00   264b097ec95e950806dc3289cad15871
assets/christynatsumi-jayme-rings.jpg:
  production: 2017-10-29T06:02:47-04:00   62eb9543e3393be1515cdcc4a963133e
assets/christynatsumi-logo--mini-header.png:
  production: 2017-10-29T06:03:03-04:00   72a1d3768d59eac933b3738de1e64f43
assets/christynatsumi-logo--white.png:
  production: 2017-10-29T06:02:30-04:00   0d7dbd03135d7dfd08727efe96eeac71
assets/christynatsumi-logo-sm.png:
  production: 2017-10-29T06:03:43-04:00   bd5ed41429362f1ea36e3cc090902279
assets/christynatsumi-logo.jpg:
  production: 2017-10-29T06:03:03-04:00   9ab96a2792ce7bb4d69b4ea50210ed42
assets/christynatsumi-logo.png:
  production: 2017-10-29T06:03:30-04:00   f3c01f7bf64b7f428c6496e45bb50ced
assets/christynatsumi-press-7x7.png:
  production: 2017-10-29T06:03:24-04:00   71a151ee7c566ef9508f0164f94099ef
assets/christynatsumi-press-dailycandy.png:
  production: 2017-10-29T06:02:54-04:00   c156884acd136b5930cec9c1b6b11537
assets/christynatsumi-press-ruedaily.png:
  production: 2017-10-29T06:03:07-04:00   7aed3fe4ba3b54f9f7c7a9d08270c706
assets/christynatsumi-press-sfchronicle.png:
  production: 2017-10-29T06:03:28-04:00   97e8cc07d7085fb490b44768049502a5
assets/christynatsumi-process-1.jpg:
  production: 2017-10-29T06:02:48-04:00   20034c947936d9edc8f4df7fd478d09f
assets/christynatsumi-process-2.jpg:
  production: 2017-10-29T06:02:26-04:00   103ff3704f32bc9cf1938ce16568a1dc
assets/christynatsumi-process-3.jpg:
  production: 2017-10-29T06:03:31-04:00   9e5d0fa9edcd6d19596e7056a26644f8
assets/christynatsumi-process-4.jpg:
  production: 2017-10-29T06:02:39-04:00   6f812740ee7b13f039fd659381410826
assets/christynatsumi-stones.jpg:
  production: 2017-10-29T06:03:40-04:00   2f8f7564a03801c2c0e742796a212d02
assets/dolce_vita-webfont.eot:
  production: 2017-10-29T06:03:41-04:00   c900258d4ea3c91c98f6ac53059ca27f
assets/dolce_vita-webfont.svg:
  production: 2017-10-29T06:02:43-04:00   23f7b763066737072bdb3eba2e9167d6
assets/dolce_vita-webfont.ttf:
  production: 2017-10-29T06:03:05-04:00   2ba6f587288e61d70a00ea45e560a8f8
assets/dolce_vita-webfont.woff:
  production: 2017-10-29T06:03:32-04:00   97ca65385ba236219e1d873e211b448c
assets/dolce_vita_heavy-webfont.eot:
  production: 2017-10-29T06:02:36-04:00   5b125a8d990af9144c9da4e5a3b33e61
assets/dolce_vita_heavy-webfont.svg:
  production: 2017-10-29T06:03:33-04:00   1cb01ebd3728c17fcddd96990aab6f23
assets/dolce_vita_heavy-webfont.ttf:
  production: 2017-10-29T06:03:07-04:00   4157b2ad3eb1012356fae07f9f574386
assets/dolce_vita_heavy-webfont.woff:
  production: 2017-10-29T06:03:34-04:00   d480bef302ada81b633f19c5baec6dac
assets/dolce_vita_light-webfont.eot:
  production: 2017-10-29T06:03:43-04:00   2a88499388013c6c55f14b6743a48a92
assets/dolce_vita_light-webfont.svg:
  production: 2017-10-29T06:03:20-04:00   1ba9bc889f4763763941825b24b54cd2
assets/dolce_vita_light-webfont.ttf:
  production: 2017-10-29T06:03:27-04:00   3ed5307bd32a6ed2c6c0954ed2c64821
assets/dolce_vita_light-webfont.woff:
  production: 2017-10-29T06:03:16-04:00   da1dbda19bbfb5cb1c64ae4955e6fe24
assets/drawerClosed.png:
  production: 2017-10-29T06:03:18-04:00   562564a88548ed3db0966ffbb062bc31
assets/drawerOpen.png:
  production: 2017-10-29T06:02:55-04:00   7e98aaffde22e18f39e1d3fb28193cfe
assets/fastclick.min.js:
  production: 2017-08-13T17:39:48-04:00   4c68290ccc4d503561895dff0821621f
assets/gift-card.scss.liquid:
  production: 2017-08-13T17:39:48-04:00   c4d99d6414af35760c5112b609962e87
assets/handlebars.min.js:
  production: 2017-08-13T17:39:48-04:00   b3c11508a224ee83f86e2fc6491e9751
assets/homeMenuImage--about--1x1.jpg:
  production: 2017-10-29T06:03:35-04:00   b8c90706a2d0d2a3d3e2f4c0a39c6432
assets/homeMenuImage--about.jpg:
  production: 2017-10-29T06:03:08-04:00   2421c855cea71fd301acb457e3258d3e
assets/homeMenuImage--custom--1x1.jpg:
  production: 2017-10-29T06:03:12-04:00   2d4a534e86249b1c6102dc033865e5de
assets/homeMenuImage--custom.jpg:
  production: 2017-10-29T06:02:50-04:00   86934c32aae52837f3747191fc4de4f0
assets/homeMenuImage--email--1x1.jpg:
  production: 2017-10-29T06:02:59-04:00   9a5b26c81d3ab23ed1ae566b68f30778
assets/homeMenuImage--email.jpg:
  production: 2017-10-29T06:03:20-04:00   11903fc914d511a531a29b8dffeb25c4
assets/homeMenuImage--shop--1x1.jpg:
  production: 2017-10-29T06:03:10-04:00   995ce8ddeb0fe9a30f571737b76e9100
assets/homeMenuImage--shop.jpg:
  production: 2017-10-29T06:03:02-04:00   13333c4d306d7b8617bf4b07a96514b2
assets/ico-select.svg.liquid:
  production: 2017-08-13T17:39:48-04:00   9c9cc5a57cc74a0a64c2f62b1370a920
assets/icon-share.png:
  production: 2017-10-29T06:02:42-04:00   e729b180270990d2c110ccde4e88e862
assets/icon_facebook.png:
  production: 2017-10-29T06:02:46-04:00   4505942b88d2a33517e6234498ad0937
assets/icon_instagram.png:
  production: 2017-10-29T06:03:08-04:00   d389851b061f5deed9261adc85ab9d7e
assets/icon_pinterest.png:
  production: 2017-10-29T06:03:41-04:00   3d8e35444896a4462dceac6d97a85551
assets/icon_rss.png:
  production: 2017-10-29T06:02:25-04:00   525732b979b26698b99b4b6836b6057e
assets/icon_sm_facebook.png:
  production: 2017-10-29T06:02:43-04:00   b4ddf35d548be700f8fb6d2c76bbdf93
assets/icon_sm_instagram.png:
  production: 2017-10-29T06:03:00-04:00   4c37dd621d410e99898759fc8b83bdc8
assets/icon_sm_pinterest.png:
  production: 2017-10-29T06:03:21-04:00   c94e32deb0514dec281f0ef1094117c5
assets/icon_sm_twitter.png:
  production: 2017-10-29T06:02:51-04:00   b4075dd6fe5ff98f4a8f23de23b01473
assets/icon_twitter.png:
  production: 2017-10-29T06:02:34-04:00   2d442e03ceba25d1e568e34a58f9d788
assets/icons.eot:
  production: 2017-08-13T17:39:48-04:00   6499aa740322bffbb6e26ebadf450c4a
assets/icons.json:
  production: 2017-08-13T18:37:37-04:00   6f9018585c3e215e29cef8e390091787
assets/icons.svg:
  production: 2017-08-13T17:39:48-04:00   1f568afd815839eae6eb796a52a497a6
assets/icons.ttf:
  production: 2017-08-13T17:39:48-04:00   0678272006d7b08a523ae6973a72d181
assets/icons.woff:
  production: 2017-08-13T17:39:48-04:00   6d64bee3b4d239a6cf6af98045a95954
assets/main.scss.liquid:
  production: 2017-10-29T06:02:32-04:00   b94ae204d49302a74e62c879889efc10
assets/marker-bg.gif:
  production: 2017-10-29T06:03:10-04:00   79e69033da8b549ea0e6d5e987fd715a
assets/marker_bg.jpg:
  production: 2017-10-29T06:03:17-04:00   37cc6febd3dc7ca08e2cf52aac523147
assets/marker_bg2.jpg:
  production: 2017-10-29T06:03:26-04:00   34f3b2df3604ffa1de3c7f069de662a8
assets/modernizr.min.js:
  production: 2017-08-13T17:39:48-04:00   dc21cffad945a84cbbe770d52b1a0ded
assets/respond-proxy.html:
  production: 2017-08-13T17:39:48-04:00   75002d74a330bff6bf069284da503b4c
assets/respond.min.js:
  production: 2017-08-13T17:39:48-04:00   a2684e9b8fa50d6d11c56a9ada068528
assets/status_sale.png:
  production: 2017-10-29T06:02:34-04:00   9e9c9791058e006fce2931e1100f3b04
assets/status_sale_sm.png:
  production: 2017-10-29T06:03:17-04:00   49aba79e2ceafe27dc9995c6f2c4e14f
assets/status_soldout.png:
  production: 2017-10-29T06:02:22-04:00   dd1e2fb5cc48b7eddc084c984d0fe586
assets/status_soldout_sm.png:
  production: 2017-10-29T06:02:33-04:00   7f87185e2c09bac02be6719cfe11a1fc
assets/strikeout.png:
  production: 2017-10-29T06:03:16-04:00   5a55c95127359b884dd7fb512c063d41
assets/timber.js.liquid:
  production: 2017-08-13T17:39:48-04:00   8663e17d15e94386b5d6fb7c3e44b0bf
assets/timber.scss.liquid:
  production: 2017-08-13T17:39:48-04:00   ba59f53b6ce2656fb2abd9eedb901fe2
config/settings_data.json:
  production: 2017-08-13T18:38:00-04:00   fe75d34743f726c8bb511205c7273fc5
config/settings_schema.json:
  production: 2017-08-13T18:37:56-04:00   4de50d8b26c23ea835a23162e448572d
layout/theme.liquid:
  production: 2017-10-28T18:32:53-04:00   303cfd4ab370db23c33e7f5662032192
locales/de.json:
  production: 2017-08-13T18:37:48-04:00   585899bd4424d43afa93b72083a5aa0e
locales/en.default.json:
  production: 2017-08-13T18:37:32-04:00   4b9243672aaf0437491301e46597d9cc
locales/es.json:
  production: 2017-08-13T18:37:34-04:00   e1095d0bd282d98ace9c18e5973bb6bf
locales/fr.json:
  production: 2017-08-13T18:37:36-04:00   95311e190dd74a4665d004f60dda8ad2
locales/pt-BR.json:
  production: 2017-08-13T18:37:41-04:00   3bc832b43077ef1681f2fe4be3eda8c9
locales/pt-PT.json:
  production: 2017-08-13T18:37:38-04:00   6ddf443592f389ff55aa739569736f47
snippets/ajax-cart-template.liquid:
  production: 2017-08-13T17:39:48-04:00   e6fa15367ab47a164d9dc8e47353c684
snippets/blog-sidebar.liquid:
  production: 2017-08-13T17:39:48-04:00   ae3891e372509ded7074e50b2a97f438
snippets/breadcrumb.liquid:
  production: 2017-08-13T17:39:48-04:00   7bf89ebc6f2f46288fa59aa305a42514
snippets/collection-sidebar.liquid:
  production: 2017-08-13T17:39:48-04:00   b53274904cf2b47ce2fb4c3e6d632bb3
snippets/collection-sorting.liquid:
  production: 2017-08-13T17:39:48-04:00   d369d2d4697110800946220909e8ecf8
snippets/comment.liquid:
  production: 2017-08-13T17:39:48-04:00   c766e42be8a74e05533d0e5a0e3a9ce3
snippets/oldIE-js.liquid:
  production: 2017-08-13T17:39:48-04:00   1197cc7109944206a600ed5caaef6a6f
snippets/onboarding-empty-collection.liquid:
  production: 2017-08-13T17:39:49-04:00   b25d81b4ba1c3e279fa58a5aade16b43
snippets/onboarding-featured-collections.liquid:
  production: 2017-08-13T17:39:49-04:00   63d3e42eb5e78f32bdd7d7bb96c2aa81
snippets/onboarding-featured-products.liquid:
  production: 2017-08-13T17:39:49-04:00   6a32fc5786e0f1dc98a1f75897fca8b3
snippets/product-grid-item.liquid:
  production: 2017-08-13T17:39:49-04:00   5c056a854988fba46c535845cd5aeba1
snippets/respond.liquid:
  production: 2017-08-13T17:39:49-04:00   ca6abf0635dc2ad8c6bd377f83c79f6b
snippets/search-bar.liquid:
  production: 2017-08-13T17:39:49-04:00   733af687725a8174f1348c58f0d5a3e4
snippets/social-meta-tags.liquid:
  production: 2017-08-13T17:39:49-04:00   e7c97d7cb76c7925dd144dfb7b188cac
snippets/tags-article.liquid:
  production: 2017-08-13T17:39:49-04:00   52bc59a44a51be2f1745559c2ba514a2
templates/404.liquid:
  production: 2017-08-13T17:39:49-04:00   44a6b0129de575e7085a047bc2096a76
templates/article.liquid:
  production: 2017-08-13T17:39:49-04:00   ff67120cd7978f6390cdb79827f34d02
templates/blog.liquid:
  production: 2017-08-13T17:39:49-04:00   2d2ff4bd1bf2ef7ce2b889d6a95c6f74
templates/cart.liquid:
  production: 2017-08-13T17:39:49-04:00   49bbbe1b3bda19110f7e72abc158bb91
templates/collection.liquid:
  production: 2017-08-13T17:39:49-04:00   c4a0532ffb42396661303a7fc87bd12d
templates/collection.list.liquid:
  production: 2017-08-13T17:39:49-04:00   a1f281a34a1926f2c6d010dbbdeee210
templates/customers/account.liquid:
  production: 2017-08-13T17:39:49-04:00   da9e3584ef6699ac5c811b73b42c58db
templates/customers/activate_account.liquid:
  production: 2017-08-13T17:39:49-04:00   d92bfce42f05a75de2f61cb6ba433e69
templates/customers/addresses.liquid:
  production: 2017-08-13T17:39:49-04:00   998f4a7deb6a33d014cbc3f0075b8050
templates/customers/login.liquid:
  production: 2017-08-13T17:39:49-04:00   e292c0a273f17c7835d558e1b61149cf
templates/customers/order.liquid:
  production: 2017-08-13T17:39:49-04:00   e3ec01e9286bf4daa7b5a3a7bbe8479c
templates/customers/register.liquid:
  production: 2017-08-13T17:39:49-04:00   77a294477ea2d6de5861f583e2a05051
templates/customers/reset_password.liquid:
  production: 2017-08-13T17:39:49-04:00   66ba7b680ca26b2eba0f162d4122d94c
templates/gift_card.liquid:
  production: 2017-08-13T17:39:49-04:00   c1ae0f8232e003fac57213d1353e513c
templates/index.liquid:
  production: 2017-08-13T17:39:49-04:00   aa449cd240994aa9787eef9d90b5b0f7
templates/list-collections.liquid:
  production: 2017-08-13T17:39:49-04:00   380da281c4820602d95334029b03aa84
templates/page.contact.liquid:
  production: 2017-08-13T17:39:49-04:00   1d694a5be30bd64695b503c2d4b928dc
templates/page.liquid:
  production: 2017-08-13T17:39:49-04:00   32faec183321b6d7d9b4197ec3e05575
templates/product.liquid:
  production: 2017-08-13T17:39:49-04:00   d28aa955b34f4dfe8819338f15981de2
templates/search.liquid:
  production: 2017-08-13T17:39:49-04:00   3926b96d4d14c2cd8409e56f7cc6d6e0
